{
  "name": "meu-projeto",
  "version": "1.0.0",
  "lockfileVersion": 2,
  "requires": true,
  "dependencies": {
    "axios": {
      "version": "1.5.1",
      "resolved": "https://registry.npmjs.org/axios/-/axios-1.5.1.tgz",
      "integrity": "sha512-sUA5J2OCcLb5EkRmzQYYQ==",
      "requires": {
        "follow-redirects": "^1.14.7"
      }
    },
    "express": {
      "version": "4.18.2",
      "resolved": "https://registry.npmjs.org/express/-/express-4.18.2.tgz",
      "integrity": "sha512-0bO4b3SmH0QfV==",
      "requires": {
        "accepts": "~1.3.8",
        "body-parser": "1.20.1"
      }
    }
  }
}
